
Microsoft Visual Studio Solution File, Format Version 12.00
# Visual Studio 15
VisualStudioVersion = 15.0.27130.2027
MinimumVisualStudioVersion = 10.0.40219.1
Project("{2150E333-8FDC-42A3-9474-1A3956D46DE8}") = ".nuget", ".nuget", "{D4427174-46F5-4058-8934-4CEAFDBAF60D}"
	ProjectSection(SolutionItems) = preProject
		.nuget\NuGet.Config = .nuget\NuGet.Config
	EndProjectSection
EndProject
Project("{2150E333-8FDC-42A3-9474-1A3956D46DE8}") = "PlugIns", "PlugIns", "{B7F29690-10BF-4CC2-AD00-9FD0D42ED765}"
EndProject
Project("{FAE04EC0-301F-11D3-BF4B-00C04F79EFBC}") = "Chem4Word.Core", "Common\Chem4Word.Core\Chem4Word.Core.csproj", "{2E7B1308-8149-4B03-9CB9-48E0B7151560}"
EndProject
Project("{FAE04EC0-301F-11D3-BF4B-00C04F79EFBC}") = "Chem4WordTests", "Chem4WordTests\Chem4WordTests.csproj", "{6C85CD96-6C59-4172-9C9E-62D216D40ED1}"
EndProject
Project("{FAE04EC0-301F-11D3-BF4B-00C04F79EFBC}") = "WinForms.TestHarness", "TestHarness\WinForms.TestHarness\WinForms.TestHarness.csproj", "{C5F54FA8-376E-442F-AE3C-DCFDC112B190}"
EndProject
Project("{2150E333-8FDC-42A3-9474-1A3956D46DE8}") = "Testing", "Testing", "{2E9CE94F-9664-44CB-90B5-D1E0253E528C}"
EndProject
Project("{FAE04EC0-301F-11D3-BF4B-00C04F79EFBC}") = "Chem4Word.Telemetry", "Common\Telemetry\Chem4Word.Telemetry.csproj", "{C89BC92A-4183-48A6-B039-AD76AA1DF48F}"
EndProject
Project("{2150E333-8FDC-42A3-9474-1A3956D46DE8}") = "Common", "Common", "{914705CC-C9EF-4F33-8412-080D84924CE0}"
EndProject
Project("{2150E333-8FDC-42A3-9474-1A3956D46DE8}") = "Chemistry", "Chemistry", "{0A7C66AA-7788-4EA5-AC94-8CBB354010CD}"
EndProject
Project("{FAE04EC0-301F-11D3-BF4B-00C04F79EFBC}") = "Chem4Word.Contracts", "PlugIns\Contracts\Chem4Word.Contracts.csproj", "{BDFEE6C1-3F34-4200-9100-C543BF4C3783}"
EndProject
Project("{2150E333-8FDC-42A3-9474-1A3956D46DE8}") = "Notes", "Notes", "{1B81DF60-6A34-4B5B-86F3-24ED42587450}"
	ProjectSection(SolutionItems) = preProject
		Notes\Build Event Macro Locations.xlsx = Notes\Build Event Macro Locations.xlsx
		Notes\Git Tips.txt = Notes\Git Tips.txt
		Notes\MDL CTFile Formats.pdf = Notes\MDL CTFile Formats.pdf
		Notes\Metro Icon Colours.txt = Notes\Metro Icon Colours.txt
		Notes\MolFileFormat.txt = Notes\MolFileFormat.txt
		Notes\Releases.txt = Notes\Releases.txt
		Notes\Snippets.txt = Notes\Snippets.txt
		Notes\Solution Notes.txt = Notes\Solution Notes.txt
	EndProjectSection
EndProject
Project("{FAE04EC0-301F-11D3-BF4B-00C04F79EFBC}") = "Chem4Word.ACME", "Chemistry\Chem4Word.ACME\Chem4Word.ACME.csproj", "{1E3FC1F1-06CC-44BD-8004-3EF0CE7EEAA7}"
EndProject
Project("{2150E333-8FDC-42A3-9474-1A3956D46DE8}") = "Scripts", "Scripts", "{53F5ADDD-80C3-4FE4-88A1-B04239474E4B}"
	ProjectSection(SolutionItems) = preProject
		Scripts\DeepClean.ps1 = Scripts\DeepClean.ps1
		Scripts\Install-Dev-Certificate.ps1 = Scripts\Install-Dev-Certificate.ps1
		Scripts\SetAssemblyVersion.ps1 = Scripts\SetAssemblyVersion.ps1
		Scripts\SignAssembly.ps1 = Scripts\SignAssembly.ps1
		Scripts\SignFiles.cmd = Scripts\SignFiles.cmd
	EndProjectSection
EndProject
Project("{FAE04EC0-301F-11D3-BF4B-00C04F79EFBC}") = "Chem4Word.Model2", "Chemistry\Chem4Word.Model2\Chem4Word.Model2.csproj", "{C69BAB8F-4881-4D5F-9929-FC8470DF1E48}"
EndProject
Project("{2150E333-8FDC-42A3-9474-1A3956D46DE8}") = "Snippets", "Snippets", "{20675EE1-DCA1-40EC-B4F7-FEB6640F7B52}"
	ProjectSection(SolutionItems) = preProject
		Snippets\You may need these files.txt = Snippets\You may need these files.txt
	EndProjectSection
EndProject
Project("{FAE04EC0-301F-11D3-BF4B-00C04F79EFBC}") = "Wpf.LabelEditorV2", "TestHarness\Wpf.LabelEditorV2\Wpf.LabelEditorV2.csproj", "{DD0FF946-7C50-4964-AD45-9FB7DBE2662B}"
EndProject
Global
	GlobalSection(SolutionConfigurationPlatforms) = preSolution
		Debug|Any CPU = Debug|Any CPU
		Debug|x64 = Debug|x64
		Debug|x86 = Debug|x86
		Release|Any CPU = Release|Any CPU
		Release|x64 = Release|x64
		Release|x86 = Release|x86
		Setup|Any CPU = Setup|Any CPU
		Setup|x64 = Setup|x64
		Setup|x86 = Setup|x86
		Vso-Ci|Any CPU = Vso-Ci|Any CPU
		Vso-Ci|x64 = Vso-Ci|x64
		Vso-Ci|x86 = Vso-Ci|x86
	EndGlobalSection
	GlobalSection(ProjectConfigurationPlatforms) = postSolution
		{2E7B1308-8149-4B03-9CB9-48E0B7151560}.Debug|Any CPU.ActiveCfg = Debug|Any CPU
		{2E7B1308-8149-4B03-9CB9-48E0B7151560}.Debug|Any CPU.Build.0 = Debug|Any CPU
		{2E7B1308-8149-4B03-9CB9-48E0B7151560}.Debug|x64.ActiveCfg = Debug|Any CPU
		{2E7B1308-8149-4B03-9CB9-48E0B7151560}.Debug|x64.Build.0 = Debug|Any CPU
		{2E7B1308-8149-4B03-9CB9-48E0B7151560}.Debug|x86.ActiveCfg = Debug|Any CPU
		{2E7B1308-8149-4B03-9CB9-48E0B7151560}.Debug|x86.Build.0 = Debug|Any CPU
		{2E7B1308-8149-4B03-9CB9-48E0B7151560}.Release|Any CPU.ActiveCfg = Release|Any CPU
		{2E7B1308-8149-4B03-9CB9-48E0B7151560}.Release|Any CPU.Build.0 = Release|Any CPU
		{2E7B1308-8149-4B03-9CB9-48E0B7151560}.Release|x64.ActiveCfg = Release|Any CPU
		{2E7B1308-8149-4B03-9CB9-48E0B7151560}.Release|x64.Build.0 = Release|Any CPU
		{2E7B1308-8149-4B03-9CB9-48E0B7151560}.Release|x86.ActiveCfg = Release|Any CPU
		{2E7B1308-8149-4B03-9CB9-48E0B7151560}.Release|x86.Build.0 = Release|Any CPU
		{2E7B1308-8149-4B03-9CB9-48E0B7151560}.Setup|Any CPU.ActiveCfg = Setup|Any CPU
		{2E7B1308-8149-4B03-9CB9-48E0B7151560}.Setup|Any CPU.Build.0 = Setup|Any CPU
		{2E7B1308-8149-4B03-9CB9-48E0B7151560}.Setup|x64.ActiveCfg = Setup|Any CPU
		{2E7B1308-8149-4B03-9CB9-48E0B7151560}.Setup|x64.Build.0 = Setup|Any CPU
		{2E7B1308-8149-4B03-9CB9-48E0B7151560}.Setup|x86.ActiveCfg = Setup|Any CPU
		{2E7B1308-8149-4B03-9CB9-48E0B7151560}.Setup|x86.Build.0 = Setup|Any CPU
		{2E7B1308-8149-4B03-9CB9-48E0B7151560}.Vso-Ci|Any CPU.ActiveCfg = Vso-Ci|Any CPU
		{2E7B1308-8149-4B03-9CB9-48E0B7151560}.Vso-Ci|Any CPU.Build.0 = Vso-Ci|Any CPU
		{2E7B1308-8149-4B03-9CB9-48E0B7151560}.Vso-Ci|x64.ActiveCfg = Vso-Ci|Any CPU
		{2E7B1308-8149-4B03-9CB9-48E0B7151560}.Vso-Ci|x64.Build.0 = Vso-Ci|Any CPU
		{2E7B1308-8149-4B03-9CB9-48E0B7151560}.Vso-Ci|x86.ActiveCfg = Vso-Ci|Any CPU
		{2E7B1308-8149-4B03-9CB9-48E0B7151560}.Vso-Ci|x86.Build.0 = Vso-Ci|Any CPU
		{6C85CD96-6C59-4172-9C9E-62D216D40ED1}.Debug|Any CPU.ActiveCfg = Debug|Any CPU
		{6C85CD96-6C59-4172-9C9E-62D216D40ED1}.Debug|Any CPU.Build.0 = Debug|Any CPU
		{6C85CD96-6C59-4172-9C9E-62D216D40ED1}.Debug|x64.ActiveCfg = Debug|Any CPU
		{6C85CD96-6C59-4172-9C9E-62D216D40ED1}.Debug|x64.Build.0 = Debug|Any CPU
		{6C85CD96-6C59-4172-9C9E-62D216D40ED1}.Debug|x86.ActiveCfg = Debug|Any CPU
		{6C85CD96-6C59-4172-9C9E-62D216D40ED1}.Debug|x86.Build.0 = Debug|Any CPU
		{6C85CD96-6C59-4172-9C9E-62D216D40ED1}.Release|Any CPU.ActiveCfg = Release|Any CPU
		{6C85CD96-6C59-4172-9C9E-62D216D40ED1}.Release|x64.ActiveCfg = Release|Any CPU
		{6C85CD96-6C59-4172-9C9E-62D216D40ED1}.Release|x64.Build.0 = Release|Any CPU
		{6C85CD96-6C59-4172-9C9E-62D216D40ED1}.Release|x86.ActiveCfg = Release|Any CPU
		{6C85CD96-6C59-4172-9C9E-62D216D40ED1}.Release|x86.Build.0 = Release|Any CPU
		{6C85CD96-6C59-4172-9C9E-62D216D40ED1}.Setup|Any CPU.ActiveCfg = Setup|Any CPU
		{6C85CD96-6C59-4172-9C9E-62D216D40ED1}.Setup|x64.ActiveCfg = Setup|Any CPU
		{6C85CD96-6C59-4172-9C9E-62D216D40ED1}.Setup|x64.Build.0 = Setup|Any CPU
		{6C85CD96-6C59-4172-9C9E-62D216D40ED1}.Setup|x86.ActiveCfg = Setup|Any CPU
		{6C85CD96-6C59-4172-9C9E-62D216D40ED1}.Setup|x86.Build.0 = Setup|Any CPU
		{6C85CD96-6C59-4172-9C9E-62D216D40ED1}.Vso-Ci|Any CPU.ActiveCfg = Vso-Ci|Any CPU
		{6C85CD96-6C59-4172-9C9E-62D216D40ED1}.Vso-Ci|Any CPU.Build.0 = Vso-Ci|Any CPU
		{6C85CD96-6C59-4172-9C9E-62D216D40ED1}.Vso-Ci|x64.ActiveCfg = Release|Any CPU
		{6C85CD96-6C59-4172-9C9E-62D216D40ED1}.Vso-Ci|x64.Build.0 = Release|Any CPU
		{6C85CD96-6C59-4172-9C9E-62D216D40ED1}.Vso-Ci|x86.ActiveCfg = Release|Any CPU
		{6C85CD96-6C59-4172-9C9E-62D216D40ED1}.Vso-Ci|x86.Build.0 = Release|Any CPU
		{C5F54FA8-376E-442F-AE3C-DCFDC112B190}.Debug|Any CPU.ActiveCfg = Debug|Any CPU
		{C5F54FA8-376E-442F-AE3C-DCFDC112B190}.Debug|Any CPU.Build.0 = Debug|Any CPU
		{C5F54FA8-376E-442F-AE3C-DCFDC112B190}.Debug|x64.ActiveCfg = Debug|Any CPU
		{C5F54FA8-376E-442F-AE3C-DCFDC112B190}.Debug|x64.Build.0 = Debug|Any CPU
		{C5F54FA8-376E-442F-AE3C-DCFDC112B190}.Debug|x86.ActiveCfg = Debug|Any CPU
		{C5F54FA8-376E-442F-AE3C-DCFDC112B190}.Debug|x86.Build.0 = Debug|Any CPU
		{C5F54FA8-376E-442F-AE3C-DCFDC112B190}.Release|Any CPU.ActiveCfg = Release|Any CPU
		{C5F54FA8-376E-442F-AE3C-DCFDC112B190}.Release|Any CPU.Build.0 = Release|Any CPU
		{C5F54FA8-376E-442F-AE3C-DCFDC112B190}.Release|x64.ActiveCfg = Release|Any CPU
		{C5F54FA8-376E-442F-AE3C-DCFDC112B190}.Release|x64.Build.0 = Release|Any CPU
		{C5F54FA8-376E-442F-AE3C-DCFDC112B190}.Release|x86.ActiveCfg = Release|Any CPU
		{C5F54FA8-376E-442F-AE3C-DCFDC112B190}.Release|x86.Build.0 = Release|Any CPU
		{C5F54FA8-376E-442F-AE3C-DCFDC112B190}.Setup|Any CPU.ActiveCfg = Setup|Any CPU
		{C5F54FA8-376E-442F-AE3C-DCFDC112B190}.Setup|x64.ActiveCfg = Setup|Any CPU
		{C5F54FA8-376E-442F-AE3C-DCFDC112B190}.Setup|x64.Build.0 = Setup|Any CPU
		{C5F54FA8-376E-442F-AE3C-DCFDC112B190}.Setup|x86.ActiveCfg = Setup|Any CPU
		{C5F54FA8-376E-442F-AE3C-DCFDC112B190}.Setup|x86.Build.0 = Setup|Any CPU
		{C5F54FA8-376E-442F-AE3C-DCFDC112B190}.Vso-Ci|Any CPU.ActiveCfg = Vso-Ci|Any CPU
		{C5F54FA8-376E-442F-AE3C-DCFDC112B190}.Vso-Ci|x64.ActiveCfg = Vso-Ci|Any CPU
		{C5F54FA8-376E-442F-AE3C-DCFDC112B190}.Vso-Ci|x64.Build.0 = Vso-Ci|Any CPU
		{C5F54FA8-376E-442F-AE3C-DCFDC112B190}.Vso-Ci|x86.ActiveCfg = Vso-Ci|Any CPU
		{C5F54FA8-376E-442F-AE3C-DCFDC112B190}.Vso-Ci|x86.Build.0 = Vso-Ci|Any CPU
		{C89BC92A-4183-48A6-B039-AD76AA1DF48F}.Debug|Any CPU.ActiveCfg = Debug|Any CPU
		{C89BC92A-4183-48A6-B039-AD76AA1DF48F}.Debug|Any CPU.Build.0 = Debug|Any CPU
		{C89BC92A-4183-48A6-B039-AD76AA1DF48F}.Debug|x64.ActiveCfg = Debug|Any CPU
		{C89BC92A-4183-48A6-B039-AD76AA1DF48F}.Debug|x64.Build.0 = Debug|Any CPU
		{C89BC92A-4183-48A6-B039-AD76AA1DF48F}.Debug|x86.ActiveCfg = Debug|Any CPU
		{C89BC92A-4183-48A6-B039-AD76AA1DF48F}.Debug|x86.Build.0 = Debug|Any CPU
		{C89BC92A-4183-48A6-B039-AD76AA1DF48F}.Release|Any CPU.ActiveCfg = Release|Any CPU
		{C89BC92A-4183-48A6-B039-AD76AA1DF48F}.Release|Any CPU.Build.0 = Release|Any CPU
		{C89BC92A-4183-48A6-B039-AD76AA1DF48F}.Release|x64.ActiveCfg = Release|Any CPU
		{C89BC92A-4183-48A6-B039-AD76AA1DF48F}.Release|x64.Build.0 = Release|Any CPU
		{C89BC92A-4183-48A6-B039-AD76AA1DF48F}.Release|x86.ActiveCfg = Release|Any CPU
		{C89BC92A-4183-48A6-B039-AD76AA1DF48F}.Release|x86.Build.0 = Release|Any CPU
		{C89BC92A-4183-48A6-B039-AD76AA1DF48F}.Setup|Any CPU.ActiveCfg = Setup|Any CPU
		{C89BC92A-4183-48A6-B039-AD76AA1DF48F}.Setup|Any CPU.Build.0 = Setup|Any CPU
		{C89BC92A-4183-48A6-B039-AD76AA1DF48F}.Setup|x64.ActiveCfg = Setup|Any CPU
		{C89BC92A-4183-48A6-B039-AD76AA1DF48F}.Setup|x64.Build.0 = Setup|Any CPU
		{C89BC92A-4183-48A6-B039-AD76AA1DF48F}.Setup|x86.ActiveCfg = Setup|Any CPU
		{C89BC92A-4183-48A6-B039-AD76AA1DF48F}.Setup|x86.Build.0 = Setup|Any CPU
		{C89BC92A-4183-48A6-B039-AD76AA1DF48F}.Vso-Ci|Any CPU.ActiveCfg = Vso-Ci|Any CPU
		{C89BC92A-4183-48A6-B039-AD76AA1DF48F}.Vso-Ci|Any CPU.Build.0 = Vso-Ci|Any CPU
		{C89BC92A-4183-48A6-B039-AD76AA1DF48F}.Vso-Ci|x64.ActiveCfg = Vso-Ci|Any CPU
		{C89BC92A-4183-48A6-B039-AD76AA1DF48F}.Vso-Ci|x64.Build.0 = Vso-Ci|Any CPU
		{C89BC92A-4183-48A6-B039-AD76AA1DF48F}.Vso-Ci|x86.ActiveCfg = Vso-Ci|Any CPU
		{C89BC92A-4183-48A6-B039-AD76AA1DF48F}.Vso-Ci|x86.Build.0 = Vso-Ci|Any CPU
		{BDFEE6C1-3F34-4200-9100-C543BF4C3783}.Debug|Any CPU.ActiveCfg = Debug|Any CPU
		{BDFEE6C1-3F34-4200-9100-C543BF4C3783}.Debug|Any CPU.Build.0 = Debug|Any CPU
		{BDFEE6C1-3F34-4200-9100-C543BF4C3783}.Debug|x64.ActiveCfg = Debug|Any CPU
		{BDFEE6C1-3F34-4200-9100-C543BF4C3783}.Debug|x64.Build.0 = Debug|Any CPU
		{BDFEE6C1-3F34-4200-9100-C543BF4C3783}.Debug|x86.ActiveCfg = Debug|Any CPU
		{BDFEE6C1-3F34-4200-9100-C543BF4C3783}.Debug|x86.Build.0 = Debug|Any CPU
		{BDFEE6C1-3F34-4200-9100-C543BF4C3783}.Release|Any CPU.ActiveCfg = Release|Any CPU
		{BDFEE6C1-3F34-4200-9100-C543BF4C3783}.Release|Any CPU.Build.0 = Release|Any CPU
		{BDFEE6C1-3F34-4200-9100-C543BF4C3783}.Release|x64.ActiveCfg = Release|Any CPU
		{BDFEE6C1-3F34-4200-9100-C543BF4C3783}.Release|x64.Build.0 = Release|Any CPU
		{BDFEE6C1-3F34-4200-9100-C543BF4C3783}.Release|x86.ActiveCfg = Release|Any CPU
		{BDFEE6C1-3F34-4200-9100-C543BF4C3783}.Release|x86.Build.0 = Release|Any CPU
		{BDFEE6C1-3F34-4200-9100-C543BF4C3783}.Setup|Any CPU.ActiveCfg = Setup|Any CPU
		{BDFEE6C1-3F34-4200-9100-C543BF4C3783}.Setup|Any CPU.Build.0 = Setup|Any CPU
		{BDFEE6C1-3F34-4200-9100-C543BF4C3783}.Setup|x64.ActiveCfg = Setup|Any CPU
		{BDFEE6C1-3F34-4200-9100-C543BF4C3783}.Setup|x64.Build.0 = Setup|Any CPU
		{BDFEE6C1-3F34-4200-9100-C543BF4C3783}.Setup|x86.ActiveCfg = Setup|Any CPU
		{BDFEE6C1-3F34-4200-9100-C543BF4C3783}.Setup|x86.Build.0 = Setup|Any CPU
		{BDFEE6C1-3F34-4200-9100-C543BF4C3783}.Vso-Ci|Any CPU.ActiveCfg = Vso-Ci|Any CPU
		{BDFEE6C1-3F34-4200-9100-C543BF4C3783}.Vso-Ci|Any CPU.Build.0 = Vso-Ci|Any CPU
		{BDFEE6C1-3F34-4200-9100-C543BF4C3783}.Vso-Ci|x64.ActiveCfg = Vso-Ci|Any CPU
		{BDFEE6C1-3F34-4200-9100-C543BF4C3783}.Vso-Ci|x64.Build.0 = Vso-Ci|Any CPU
		{BDFEE6C1-3F34-4200-9100-C543BF4C3783}.Vso-Ci|x86.ActiveCfg = Vso-Ci|Any CPU
		{BDFEE6C1-3F34-4200-9100-C543BF4C3783}.Vso-Ci|x86.Build.0 = Vso-Ci|Any CPU
		{1E3FC1F1-06CC-44BD-8004-3EF0CE7EEAA7}.Debug|Any CPU.ActiveCfg = Debug|Any CPU
		{1E3FC1F1-06CC-44BD-8004-3EF0CE7EEAA7}.Debug|Any CPU.Build.0 = Debug|Any CPU
		{1E3FC1F1-06CC-44BD-8004-3EF0CE7EEAA7}.Debug|x64.ActiveCfg = Debug|Any CPU
		{1E3FC1F1-06CC-44BD-8004-3EF0CE7EEAA7}.Debug|x64.Build.0 = Debug|Any CPU
		{1E3FC1F1-06CC-44BD-8004-3EF0CE7EEAA7}.Debug|x86.ActiveCfg = Debug|Any CPU
		{1E3FC1F1-06CC-44BD-8004-3EF0CE7EEAA7}.Debug|x86.Build.0 = Debug|Any CPU
		{1E3FC1F1-06CC-44BD-8004-3EF0CE7EEAA7}.Release|Any CPU.ActiveCfg = Release|Any CPU
		{1E3FC1F1-06CC-44BD-8004-3EF0CE7EEAA7}.Release|Any CPU.Build.0 = Release|Any CPU
		{1E3FC1F1-06CC-44BD-8004-3EF0CE7EEAA7}.Release|x64.ActiveCfg = Release|Any CPU
		{1E3FC1F1-06CC-44BD-8004-3EF0CE7EEAA7}.Release|x64.Build.0 = Release|Any CPU
		{1E3FC1F1-06CC-44BD-8004-3EF0CE7EEAA7}.Release|x86.ActiveCfg = Release|Any CPU
		{1E3FC1F1-06CC-44BD-8004-3EF0CE7EEAA7}.Release|x86.Build.0 = Release|Any CPU
		{1E3FC1F1-06CC-44BD-8004-3EF0CE7EEAA7}.Setup|Any CPU.ActiveCfg = Setup|Any CPU
		{1E3FC1F1-06CC-44BD-8004-3EF0CE7EEAA7}.Setup|Any CPU.Build.0 = Setup|Any CPU
		{1E3FC1F1-06CC-44BD-8004-3EF0CE7EEAA7}.Setup|x64.ActiveCfg = Release|Any CPU
		{1E3FC1F1-06CC-44BD-8004-3EF0CE7EEAA7}.Setup|x64.Build.0 = Release|Any CPU
		{1E3FC1F1-06CC-44BD-8004-3EF0CE7EEAA7}.Setup|x86.ActiveCfg = Release|Any CPU
		{1E3FC1F1-06CC-44BD-8004-3EF0CE7EEAA7}.Setup|x86.Build.0 = Release|Any CPU
		{1E3FC1F1-06CC-44BD-8004-3EF0CE7EEAA7}.Vso-Ci|Any CPU.ActiveCfg = Release|Any CPU
		{1E3FC1F1-06CC-44BD-8004-3EF0CE7EEAA7}.Vso-Ci|Any CPU.Build.0 = Release|Any CPU
		{1E3FC1F1-06CC-44BD-8004-3EF0CE7EEAA7}.Vso-Ci|x64.ActiveCfg = Release|Any CPU
		{1E3FC1F1-06CC-44BD-8004-3EF0CE7EEAA7}.Vso-Ci|x64.Build.0 = Release|Any CPU
		{1E3FC1F1-06CC-44BD-8004-3EF0CE7EEAA7}.Vso-Ci|x86.ActiveCfg = Release|Any CPU
		{1E3FC1F1-06CC-44BD-8004-3EF0CE7EEAA7}.Vso-Ci|x86.Build.0 = Release|Any CPU
		{C69BAB8F-4881-4D5F-9929-FC8470DF1E48}.Debug|Any CPU.ActiveCfg = Debug|Any CPU
		{C69BAB8F-4881-4D5F-9929-FC8470DF1E48}.Debug|Any CPU.Build.0 = Debug|Any CPU
		{C69BAB8F-4881-4D5F-9929-FC8470DF1E48}.Debug|x64.ActiveCfg = Debug|Any CPU
		{C69BAB8F-4881-4D5F-9929-FC8470DF1E48}.Debug|x64.Build.0 = Debug|Any CPU
		{C69BAB8F-4881-4D5F-9929-FC8470DF1E48}.Debug|x86.ActiveCfg = Debug|Any CPU
		{C69BAB8F-4881-4D5F-9929-FC8470DF1E48}.Debug|x86.Build.0 = Debug|Any CPU
		{C69BAB8F-4881-4D5F-9929-FC8470DF1E48}.Release|Any CPU.ActiveCfg = Release|Any CPU
		{C69BAB8F-4881-4D5F-9929-FC8470DF1E48}.Release|Any CPU.Build.0 = Release|Any CPU
		{C69BAB8F-4881-4D5F-9929-FC8470DF1E48}.Release|x64.ActiveCfg = Release|Any CPU
		{C69BAB8F-4881-4D5F-9929-FC8470DF1E48}.Release|x64.Build.0 = Release|Any CPU
		{C69BAB8F-4881-4D5F-9929-FC8470DF1E48}.Release|x86.ActiveCfg = Release|Any CPU
		{C69BAB8F-4881-4D5F-9929-FC8470DF1E48}.Release|x86.Build.0 = Release|Any CPU
		{C69BAB8F-4881-4D5F-9929-FC8470DF1E48}.Setup|Any CPU.ActiveCfg = Setup|Any CPU
		{C69BAB8F-4881-4D5F-9929-FC8470DF1E48}.Setup|Any CPU.Build.0 = Setup|Any CPU
		{C69BAB8F-4881-4D5F-9929-FC8470DF1E48}.Setup|x64.ActiveCfg = Release|Any CPU
		{C69BAB8F-4881-4D5F-9929-FC8470DF1E48}.Setup|x64.Build.0 = Release|Any CPU
		{C69BAB8F-4881-4D5F-9929-FC8470DF1E48}.Setup|x86.ActiveCfg = Release|Any CPU
		{C69BAB8F-4881-4D5F-9929-FC8470DF1E48}.Setup|x86.Build.0 = Release|Any CPU
		{C69BAB8F-4881-4D5F-9929-FC8470DF1E48}.Vso-Ci|Any CPU.ActiveCfg = Release|Any CPU
		{C69BAB8F-4881-4D5F-9929-FC8470DF1E48}.Vso-Ci|Any CPU.Build.0 = Release|Any CPU
		{C69BAB8F-4881-4D5F-9929-FC8470DF1E48}.Vso-Ci|x64.ActiveCfg = Release|Any CPU
		{C69BAB8F-4881-4D5F-9929-FC8470DF1E48}.Vso-Ci|x64.Build.0 = Release|Any CPU
		{C69BAB8F-4881-4D5F-9929-FC8470DF1E48}.Vso-Ci|x86.ActiveCfg = Release|Any CPU
		{C69BAB8F-4881-4D5F-9929-FC8470DF1E48}.Vso-Ci|x86.Build.0 = Release|Any CPU
		{DD0FF946-7C50-4964-AD45-9FB7DBE2662B}.Debug|Any CPU.ActiveCfg = Debug|Any CPU
		{DD0FF946-7C50-4964-AD45-9FB7DBE2662B}.Debug|Any CPU.Build.0 = Debug|Any CPU
		{DD0FF946-7C50-4964-AD45-9FB7DBE2662B}.Debug|x64.ActiveCfg = Debug|Any CPU
		{DD0FF946-7C50-4964-AD45-9FB7DBE2662B}.Debug|x64.Build.0 = Debug|Any CPU
		{DD0FF946-7C50-4964-AD45-9FB7DBE2662B}.Debug|x86.ActiveCfg = Debug|Any CPU
		{DD0FF946-7C50-4964-AD45-9FB7DBE2662B}.Debug|x86.Build.0 = Debug|Any CPU
		{DD0FF946-7C50-4964-AD45-9FB7DBE2662B}.Release|Any CPU.ActiveCfg = Release|Any CPU
		{DD0FF946-7C50-4964-AD45-9FB7DBE2662B}.Release|Any CPU.Build.0 = Release|Any CPU
		{DD0FF946-7C50-4964-AD45-9FB7DBE2662B}.Release|x64.ActiveCfg = Release|Any CPU
		{DD0FF946-7C50-4964-AD45-9FB7DBE2662B}.Release|x64.Build.0 = Release|Any CPU
		{DD0FF946-7C50-4964-AD45-9FB7DBE2662B}.Release|x86.ActiveCfg = Release|Any CPU
		{DD0FF946-7C50-4964-AD45-9FB7DBE2662B}.Release|x86.Build.0 = Release|Any CPU
		{DD0FF946-7C50-4964-AD45-9FB7DBE2662B}.Setup|Any CPU.ActiveCfg = Release|Any CPU
		{DD0FF946-7C50-4964-AD45-9FB7DBE2662B}.Setup|Any CPU.Build.0 = Release|Any CPU
		{DD0FF946-7C50-4964-AD45-9FB7DBE2662B}.Setup|x64.ActiveCfg = Release|Any CPU
		{DD0FF946-7C50-4964-AD45-9FB7DBE2662B}.Setup|x64.Build.0 = Release|Any CPU
		{DD0FF946-7C50-4964-AD45-9FB7DBE2662B}.Setup|x86.ActiveCfg = Release|Any CPU
		{DD0FF946-7C50-4964-AD45-9FB7DBE2662B}.Setup|x86.Build.0 = Release|Any CPU
		{DD0FF946-7C50-4964-AD45-9FB7DBE2662B}.Vso-Ci|Any CPU.ActiveCfg = Release|Any CPU
		{DD0FF946-7C50-4964-AD45-9FB7DBE2662B}.Vso-Ci|Any CPU.Build.0 = Release|Any CPU
		{DD0FF946-7C50-4964-AD45-9FB7DBE2662B}.Vso-Ci|x64.ActiveCfg = Release|Any CPU
		{DD0FF946-7C50-4964-AD45-9FB7DBE2662B}.Vso-Ci|x64.Build.0 = Release|Any CPU
		{DD0FF946-7C50-4964-AD45-9FB7DBE2662B}.Vso-Ci|x86.ActiveCfg = Release|Any CPU
		{DD0FF946-7C50-4964-AD45-9FB7DBE2662B}.Vso-Ci|x86.Build.0 = Release|Any CPU
	EndGlobalSection
	GlobalSection(SolutionProperties) = preSolution
		HideSolutionNode = FALSE
	EndGlobalSection
	GlobalSection(NestedProjects) = preSolution
		{2E7B1308-8149-4B03-9CB9-48E0B7151560} = {914705CC-C9EF-4F33-8412-080D84924CE0}
		{6C85CD96-6C59-4172-9C9E-62D216D40ED1} = {2E9CE94F-9664-44CB-90B5-D1E0253E528C}
		{C5F54FA8-376E-442F-AE3C-DCFDC112B190} = {2E9CE94F-9664-44CB-90B5-D1E0253E528C}
		{C89BC92A-4183-48A6-B039-AD76AA1DF48F} = {914705CC-C9EF-4F33-8412-080D84924CE0}
		{BDFEE6C1-3F34-4200-9100-C543BF4C3783} = {B7F29690-10BF-4CC2-AD00-9FD0D42ED765}
		{1E3FC1F1-06CC-44BD-8004-3EF0CE7EEAA7} = {0A7C66AA-7788-4EA5-AC94-8CBB354010CD}
		{C69BAB8F-4881-4D5F-9929-FC8470DF1E48} = {0A7C66AA-7788-4EA5-AC94-8CBB354010CD}
		{DD0FF946-7C50-4964-AD45-9FB7DBE2662B} = {2E9CE94F-9664-44CB-90B5-D1E0253E528C}
	EndGlobalSection
	GlobalSection(ExtensibilityGlobals) = postSolution
		SolutionGuid = {4E59A5EC-4690-42FA-8DBE-E152256F1D44}
	EndGlobalSection
EndGlobal
